
Microsoft Visual Studio Solution File, Format Version 12.00
# Visual Studio Version 17
VisualStudioVersion = 17.7.34024.191
MinimumVisualStudioVersion = 10.0.40219.1
Project("{FAE04EC0-301F-11D3-BF4B-00C04F79EFBC}") = "InsertionSearchArray", "InsertionSearchArray\InsertionSearchArray.csproj", "{3D20474E-55F1-46B7-9F71-9A726E29D61D}"
EndProject
Global
	GlobalSection(SolutionConfigurationPlatforms) = preSolution
		Debug|Any CPU = Debug|Any CPU
		Release|Any CPU = Release|Any CPU
	EndGlobalSection
	GlobalSection(ProjectConfigurationPlatforms) = postSolution
		{3D20474E-55F1-46B7-9F71-9A726E29D61D}.Debug|Any CPU.ActiveCfg = Debug|Any CPU
		{3D20474E-55F1-46B7-9F71-9A726E29D61D}.Debug|Any CPU.Build.0 = Debug|Any CPU
		{3D20474E-55F1-46B7-9F71-9A726E29D61D}.Release|Any CPU.ActiveCfg = Release|Any CPU
		{3D20474E-55F1-46B7-9F71-9A726E29D61D}.Release|Any CPU.Build.0 = Release|Any CPU
	EndGlobalSection
	GlobalSection(SolutionProperties) = preSolution
		HideSolutionNode = FALSE
	EndGlobalSection
	GlobalSection(ExtensibilityGlobals) = postSolution
		SolutionGuid = {C92C3242-668E-4130-81DD-046269DFC826}
	EndGlobalSection
EndGlobal
